
Microsoft Visual Studio Solution File, Format Version 12.00
# Visual Studio Version 16
VisualStudioVersion = 16.0.30804.86
MinimumVisualStudioVersion = 10.0.40219.1
Project("{888888A0-9F3D-457C-B088-3A5042F75D52}") = "LocationFounder", "LocationFounder\LocationFounder.pyproj", "{95B6409F-3707-4EDB-954A-7E6C9AADA5B6}"
EndProject
Global
	GlobalSection(SolutionConfigurationPlatforms) = preSolution
		Debug|Any CPU = Debug|Any CPU
		Release|Any CPU = Release|Any CPU
	EndGlobalSection
	GlobalSection(ProjectConfigurationPlatforms) = postSolution
		{95B6409F-3707-4EDB-954A-7E6C9AADA5B6}.Debug|Any CPU.ActiveCfg = Debug|Any CPU
		{95B6409F-3707-4EDB-954A-7E6C9AADA5B6}.Release|Any CPU.ActiveCfg = Release|Any CPU
	EndGlobalSection
	GlobalSection(SolutionProperties) = preSolution
		HideSolutionNode = FALSE
	EndGlobalSection
	GlobalSection(ExtensibilityGlobals) = postSolution
		SolutionGuid = {082F959B-3581-4285-8521-895EC7991642}
	EndGlobalSection
EndGlobal
